
Microsoft Visual Studio Solution File, Format Version 12.00
# Visual Studio Version 16
VisualStudioVersion = 16.0.29911.84
MinimumVisualStudioVersion = 10.0.40219.1
Project("{9A19103F-16F7-4668-BE54-9A1E7A4F7556}") = "CSharp", "CSharp\CSharp.csproj", "{E6E6454B-5583-4FD4-B761-04D3EFD30E1C}"
EndProject
Project("{2150E333-8FDC-42A3-9474-1A3956D46DE8}") = "FactoryPattern", "FactoryPattern", "{EAB73F9A-F44E-47F3-8EE7-793F7A5694DA}"
EndProject
Project("{9A19103F-16F7-4668-BE54-9A1E7A4F7556}") = "FactoryDesign", "FactoryDesign\FactoryDesign.csproj", "{CCAC0F58-CACF-4BC1-B0B9-0AD3C3370BAE}"
EndProject
Project("{2150E333-8FDC-42A3-9474-1A3956D46DE8}") = "BuilderPattern", "BuilderPattern", "{3B13CA6B-7848-45E3-A293-B3DFAF872F8A}"
EndProject
Project("{9A19103F-16F7-4668-BE54-9A1E7A4F7556}") = "BuilderDesign", "BuilderDesign\BuilderDesign.csproj", "{46CEB112-26CB-4564-9684-757D8F3139A6}"
EndProject
Project("{2150E333-8FDC-42A3-9474-1A3956D46DE8}") = "CommandPattern", "CommandPattern", "{EC7F539A-FCF9-4037-AEF3-FBDF463E9D50}"
EndProject
Project("{9A19103F-16F7-4668-BE54-9A1E7A4F7556}") = "CommandDesign", "CommandDesign\CommandDesign.csproj", "{334CE100-5CEA-43D2-9695-4555124D7898}"
EndProject
Project("{9A19103F-16F7-4668-BE54-9A1E7A4F7556}") = "Factory.Test", "Factory.Test\Factory.Test.csproj", "{F66DF89D-C1D1-44EA-AABF-3AA3AA75DE29}"
EndProject
Project("{9A19103F-16F7-4668-BE54-9A1E7A4F7556}") = "Builder.Test", "Builder.Test\Builder.Test.csproj", "{2D886954-786C-4D78-8EE7-5922B793FFBF}"
EndProject
Project("{2150E333-8FDC-42A3-9474-1A3956D46DE8}") = "Solution Items", "Solution Items", "{DFD86DCF-3B73-4FED-A37E-0F63D77DC050}"
	ProjectSection(SolutionItems) = preProject
		.travis.yml = .travis.yml
	EndProjectSection
EndProject
Project("{9A19103F-16F7-4668-BE54-9A1E7A4F7556}") = "Command.Test", "Command.Test\Command.Test.csproj", "{A69A4DBA-AE2A-4645-9757-D7E39A85AACB}"
EndProject
Project("{2150E333-8FDC-42A3-9474-1A3956D46DE8}") = "CSharp_Puzzle", "CSharp_Puzzle", "{58C60832-FDA9-43B9-A361-771E6FB7C3EB}"
EndProject
Project("{9A19103F-16F7-4668-BE54-9A1E7A4F7556}") = "Logic1", "Logic1\Logic1.csproj", "{725BA39E-4941-42DF-91B9-23D0BBB44FEC}"
EndProject
Project("{2150E333-8FDC-42A3-9474-1A3956D46DE8}") = "PuzzleInDesignPattern", "PuzzleInDesignPattern", "{B82E0EDA-643D-4EFE-A894-8A7910C973A9}"
EndProject
Project("{9A19103F-16F7-4668-BE54-9A1E7A4F7556}") = "PuzzleInFactoryPattern", "PuzzleInFactoryPattern\PuzzleInFactoryPattern.csproj", "{5C995C1F-A4C7-4C1D-8ABC-0FF0E2AAABA1}"
EndProject
Project("{2150E333-8FDC-42A3-9474-1A3956D46DE8}") = "FacadePattern", "FacadePattern", "{695BD243-A87C-4D08-ABFA-CF7F24E1B105}"
EndProject
Project("{9A19103F-16F7-4668-BE54-9A1E7A4F7556}") = "FacadeDesign", "FacadeDesign\FacadeDesign.csproj", "{7042AF7C-9229-4E1D-94DA-9264383DE8BE}"
EndProject
Project("{9A19103F-16F7-4668-BE54-9A1E7A4F7556}") = "PuzzleInFacadePattern", "PuzzleInFacadePattern\PuzzleInFacadePattern.csproj", "{8B4B1CDD-2E38-4076-B15B-A710D5A44DE2}"
EndProject
Project("{9A19103F-16F7-4668-BE54-9A1E7A4F7556}") = "Facade.Test", "Facade.Test\Facade.Test.csproj", "{DF4137D6-C2F9-4EEF-A254-E40BFFA3A876}"
EndProject
Project("{9A19103F-16F7-4668-BE54-9A1E7A4F7556}") = "SpiralOrder_1", "SpiralOrder_1\SpiralOrder_1.csproj", "{4A43F111-6452-4F47-8F75-5DA03A65CD39}"
EndProject
Project("{9A19103F-16F7-4668-BE54-9A1E7A4F7556}") = "SpiralOrder_2", "SpiralOrder_2\SpiralOrder_2.csproj", "{FA9776C3-528D-433A-8CBB-F8E1EA61E983}"
EndProject
Project("{2150E333-8FDC-42A3-9474-1A3956D46DE8}") = "SingletonPattern", "SingletonPattern", "{7A8C0850-C7E6-4BB6-AB5C-38E5E9994CB1}"
EndProject
Project("{9A19103F-16F7-4668-BE54-9A1E7A4F7556}") = "NoThreadSafeSingletonDesign", "SingletonDesign\NoThreadSafeSingletonDesign.csproj", "{6B4F158F-B0AF-4489-B7BB-3CFFDED361D5}"
EndProject
Project("{9A19103F-16F7-4668-BE54-9A1E7A4F7556}") = "ThreadSafetyWithLockSingleton", "ThreadSafetySingleton\ThreadSafetyWithLockSingleton.csproj", "{57DF98CE-6CFA-466C-B5BB-FBC02C82356E}"
EndProject
Project("{9A19103F-16F7-4668-BE54-9A1E7A4F7556}") = "ThreadSafetyDoubleLockSingleton", "ThreadSafetyDoubleLockSingleton\ThreadSafetyDoubleLockSingleton.csproj", "{C446BE9F-F2CC-40B0-A83F-B4FD71F62519}"
EndProject
Project("{9A19103F-16F7-4668-BE54-9A1E7A4F7556}") = "EagerLoadingSingleton", "EagerLoadingSingleton\EagerLoadingSingleton.csproj", "{3062E324-988C-47D6-B02A-F9AEDFDA117E}"
EndProject
Project("{2150E333-8FDC-42A3-9474-1A3956D46DE8}") = "DecoratorPattern", "DecoratorPattern", "{FB83A033-5097-463C-8039-BCD2061FE238}"
EndProject
Project("{9A19103F-16F7-4668-BE54-9A1E7A4F7556}") = "DecoratorDesign", "DecoratorDesign\DecoratorDesign.csproj", "{3180FA5E-B185-4523-9BCF-C0556C769FC9}"
EndProject
Project("{9A19103F-16F7-4668-BE54-9A1E7A4F7556}") = "SingletonDesign.Test", "Singleton.Test\SingletonDesign.Test.csproj", "{FF887CAC-B746-4E6F-9996-5788FEA05A85}"
EndProject
Project("{9A19103F-16F7-4668-BE54-9A1E7A4F7556}") = "DecoratorDesign.Test", "DecoratorDesign.Test\DecoratorDesign.Test.csproj", "{AE4222D1-BAA4-48B0-8D4F-68B366EDA87F}"
EndProject
Project("{2150E333-8FDC-42A3-9474-1A3956D46DE8}") = "ObserverPattern", "ObserverPattern", "{DD43AFA7-1412-4BFD-A6C9-87262B32760D}"
EndProject
Project("{9A19103F-16F7-4668-BE54-9A1E7A4F7556}") = "ObserverDesign", "ObserverDesign\ObserverDesign.csproj", "{2D8D84D7-50F2-47B8-9974-27BE6C531AC5}"
EndProject
Project("{9A19103F-16F7-4668-BE54-9A1E7A4F7556}") = "ObserverDesign.Test", "ObserverDesign.Test\ObserverDesign.Test.csproj", "{3BE32D1F-4F58-4E20-B57F-1ECB73408524}"
EndProject
Project("{2150E333-8FDC-42A3-9474-1A3956D46DE8}") = "StrategyPattern", "StrategyPattern", "{F0C2818F-DC16-4883-8439-FE500966D6DC}"
EndProject
Project("{9A19103F-16F7-4668-BE54-9A1E7A4F7556}") = "StrategyDesign", "StrategyDesign\StrategyDesign.csproj", "{687B2BAF-A98F-4978-BC55-73BB4971EA0E}"
EndProject
Project("{9A19103F-16F7-4668-BE54-9A1E7A4F7556}") = "StategyDesign.Test", "StategyDesign.Test\StategyDesign.Test.csproj", "{A542F0CD-172F-46E8-A7E9-BCD13C78832A}"
EndProject
Project("{2150E333-8FDC-42A3-9474-1A3956D46DE8}") = "IteratorPattern", "IteratorPattern", "{B1B0F0F8-7706-4B04-A6F1-5D439025B4A8}"
EndProject
Project("{9A19103F-16F7-4668-BE54-9A1E7A4F7556}") = "IteratorDesign", "IteratorDesign\IteratorDesign.csproj", "{00CCD286-0D51-4240-A9E6-A39044D280E4}"
EndProject
Project("{9A19103F-16F7-4668-BE54-9A1E7A4F7556}") = "IteratorDesign.Test", "IteratorDesign.Test\IteratorDesign.Test.csproj", "{5B6E7ABB-A78F-4C71-B80D-DD8212C01EFD}"
EndProject
Project("{2150E333-8FDC-42A3-9474-1A3956D46DE8}") = "AbstractFactoryPattern", "AbstractFactoryPattern", "{FB239E64-3D20-4180-A2FF-5419211CAA1D}"
EndProject
Project("{9A19103F-16F7-4668-BE54-9A1E7A4F7556}") = "AbstractFactoryDesign", "AbstractFactoryDesign\AbstractFactoryDesign.csproj", "{B6A7E0E2-B4E4-4642-9FC9-654BED70C921}"
EndProject
Project("{2150E333-8FDC-42A3-9474-1A3956D46DE8}") = "PrototypePattern", "PrototypePattern", "{63BEEFCE-95F0-4C85-B9A4-6337E8A8F992}"
EndProject
Project("{9A19103F-16F7-4668-BE54-9A1E7A4F7556}") = "PrototypeDesign", "PrototypeDesign\PrototypeDesign.csproj", "{3CE50EF0-0A43-4806-8B5E-5A243D5B3CF8}"
EndProject
Project("{9A19103F-16F7-4668-BE54-9A1E7A4F7556}") = "AbstractFactory.Test", "AbstractFactory.Test\AbstractFactory.Test.csproj", "{49695413-C7BB-44C9-B976-049121C06419}"
EndProject
Project("{FAE04EC0-301F-11D3-BF4B-00C04F79EFBC}") = "PrototypeDesign.Test", "PrototypeDesign.Test\PrototypeDesign.Test.csproj", "{C0F29A32-2DB6-4521-A3DC-8CCAC2E68319}"
EndProject
Global
	GlobalSection(SolutionConfigurationPlatforms) = preSolution
		Debug|Any CPU = Debug|Any CPU
		Release|Any CPU = Release|Any CPU
	EndGlobalSection
	GlobalSection(ProjectConfigurationPlatforms) = postSolution
		{E6E6454B-5583-4FD4-B761-04D3EFD30E1C}.Debug|Any CPU.ActiveCfg = Debug|Any CPU
		{E6E6454B-5583-4FD4-B761-04D3EFD30E1C}.Debug|Any CPU.Build.0 = Debug|Any CPU
		{E6E6454B-5583-4FD4-B761-04D3EFD30E1C}.Release|Any CPU.ActiveCfg = Release|Any CPU
		{E6E6454B-5583-4FD4-B761-04D3EFD30E1C}.Release|Any CPU.Build.0 = Release|Any CPU
		{CCAC0F58-CACF-4BC1-B0B9-0AD3C3370BAE}.Debug|Any CPU.ActiveCfg = Debug|Any CPU
		{CCAC0F58-CACF-4BC1-B0B9-0AD3C3370BAE}.Debug|Any CPU.Build.0 = Debug|Any CPU
		{CCAC0F58-CACF-4BC1-B0B9-0AD3C3370BAE}.Release|Any CPU.ActiveCfg = Release|Any CPU
		{CCAC0F58-CACF-4BC1-B0B9-0AD3C3370BAE}.Release|Any CPU.Build.0 = Release|Any CPU
		{46CEB112-26CB-4564-9684-757D8F3139A6}.Debug|Any CPU.ActiveCfg = Debug|Any CPU
		{46CEB112-26CB-4564-9684-757D8F3139A6}.Debug|Any CPU.Build.0 = Debug|Any CPU
		{46CEB112-26CB-4564-9684-757D8F3139A6}.Release|Any CPU.ActiveCfg = Release|Any CPU
		{46CEB112-26CB-4564-9684-757D8F3139A6}.Release|Any CPU.Build.0 = Release|Any CPU
		{334CE100-5CEA-43D2-9695-4555124D7898}.Debug|Any CPU.ActiveCfg = Debug|Any CPU
		{334CE100-5CEA-43D2-9695-4555124D7898}.Debug|Any CPU.Build.0 = Debug|Any CPU
		{334CE100-5CEA-43D2-9695-4555124D7898}.Release|Any CPU.ActiveCfg = Release|Any CPU
		{334CE100-5CEA-43D2-9695-4555124D7898}.Release|Any CPU.Build.0 = Release|Any CPU
		{F66DF89D-C1D1-44EA-AABF-3AA3AA75DE29}.Debug|Any CPU.ActiveCfg = Debug|Any CPU
		{F66DF89D-C1D1-44EA-AABF-3AA3AA75DE29}.Debug|Any CPU.Build.0 = Debug|Any CPU
		{F66DF89D-C1D1-44EA-AABF-3AA3AA75DE29}.Release|Any CPU.ActiveCfg = Release|Any CPU
		{F66DF89D-C1D1-44EA-AABF-3AA3AA75DE29}.Release|Any CPU.Build.0 = Release|Any CPU
		{2D886954-786C-4D78-8EE7-5922B793FFBF}.Debug|Any CPU.ActiveCfg = Debug|Any CPU
		{2D886954-786C-4D78-8EE7-5922B793FFBF}.Debug|Any CPU.Build.0 = Debug|Any CPU
		{2D886954-786C-4D78-8EE7-5922B793FFBF}.Release|Any CPU.ActiveCfg = Release|Any CPU
		{2D886954-786C-4D78-8EE7-5922B793FFBF}.Release|Any CPU.Build.0 = Release|Any CPU
		{A69A4DBA-AE2A-4645-9757-D7E39A85AACB}.Debug|Any CPU.ActiveCfg = Debug|Any CPU
		{A69A4DBA-AE2A-4645-9757-D7E39A85AACB}.Debug|Any CPU.Build.0 = Debug|Any CPU
		{A69A4DBA-AE2A-4645-9757-D7E39A85AACB}.Release|Any CPU.ActiveCfg = Release|Any CPU
		{A69A4DBA-AE2A-4645-9757-D7E39A85AACB}.Release|Any CPU.Build.0 = Release|Any CPU
		{725BA39E-4941-42DF-91B9-23D0BBB44FEC}.Debug|Any CPU.ActiveCfg = Debug|Any CPU
		{725BA39E-4941-42DF-91B9-23D0BBB44FEC}.Debug|Any CPU.Build.0 = Debug|Any CPU
		{725BA39E-4941-42DF-91B9-23D0BBB44FEC}.Release|Any CPU.ActiveCfg = Release|Any CPU
		{725BA39E-4941-42DF-91B9-23D0BBB44FEC}.Release|Any CPU.Build.0 = Release|Any CPU
		{5C995C1F-A4C7-4C1D-8ABC-0FF0E2AAABA1}.Debug|Any CPU.ActiveCfg = Debug|Any CPU
		{5C995C1F-A4C7-4C1D-8ABC-0FF0E2AAABA1}.Debug|Any CPU.Build.0 = Debug|Any CPU
		{5C995C1F-A4C7-4C1D-8ABC-0FF0E2AAABA1}.Release|Any CPU.ActiveCfg = Release|Any CPU
		{5C995C1F-A4C7-4C1D-8ABC-0FF0E2AAABA1}.Release|Any CPU.Build.0 = Release|Any CPU
		{7042AF7C-9229-4E1D-94DA-9264383DE8BE}.Debug|Any CPU.ActiveCfg = Debug|Any CPU
		{7042AF7C-9229-4E1D-94DA-9264383DE8BE}.Debug|Any CPU.Build.0 = Debug|Any CPU
		{7042AF7C-9229-4E1D-94DA-9264383DE8BE}.Release|Any CPU.ActiveCfg = Release|Any CPU
		{7042AF7C-9229-4E1D-94DA-9264383DE8BE}.Release|Any CPU.Build.0 = Release|Any CPU
		{8B4B1CDD-2E38-4076-B15B-A710D5A44DE2}.Debug|Any CPU.ActiveCfg = Debug|Any CPU
		{8B4B1CDD-2E38-4076-B15B-A710D5A44DE2}.Debug|Any CPU.Build.0 = Debug|Any CPU
		{8B4B1CDD-2E38-4076-B15B-A710D5A44DE2}.Release|Any CPU.ActiveCfg = Release|Any CPU
		{8B4B1CDD-2E38-4076-B15B-A710D5A44DE2}.Release|Any CPU.Build.0 = Release|Any CPU
		{DF4137D6-C2F9-4EEF-A254-E40BFFA3A876}.Debug|Any CPU.ActiveCfg = Debug|Any CPU
		{DF4137D6-C2F9-4EEF-A254-E40BFFA3A876}.Debug|Any CPU.Build.0 = Debug|Any CPU
		{DF4137D6-C2F9-4EEF-A254-E40BFFA3A876}.Release|Any CPU.ActiveCfg = Release|Any CPU
		{DF4137D6-C2F9-4EEF-A254-E40BFFA3A876}.Release|Any CPU.Build.0 = Release|Any CPU
		{4A43F111-6452-4F47-8F75-5DA03A65CD39}.Debug|Any CPU.ActiveCfg = Debug|Any CPU
		{4A43F111-6452-4F47-8F75-5DA03A65CD39}.Debug|Any CPU.Build.0 = Debug|Any CPU
		{4A43F111-6452-4F47-8F75-5DA03A65CD39}.Release|Any CPU.ActiveCfg = Release|Any CPU
		{4A43F111-6452-4F47-8F75-5DA03A65CD39}.Release|Any CPU.Build.0 = Release|Any CPU
		{FA9776C3-528D-433A-8CBB-F8E1EA61E983}.Debug|Any CPU.ActiveCfg = Debug|Any CPU
		{FA9776C3-528D-433A-8CBB-F8E1EA61E983}.Debug|Any CPU.Build.0 = Debug|Any CPU
		{FA9776C3-528D-433A-8CBB-F8E1EA61E983}.Release|Any CPU.ActiveCfg = Release|Any CPU
		{FA9776C3-528D-433A-8CBB-F8E1EA61E983}.Release|Any CPU.Build.0 = Release|Any CPU
		{6B4F158F-B0AF-4489-B7BB-3CFFDED361D5}.Debug|Any CPU.ActiveCfg = Debug|Any CPU
		{6B4F158F-B0AF-4489-B7BB-3CFFDED361D5}.Debug|Any CPU.Build.0 = Debug|Any CPU
		{6B4F158F-B0AF-4489-B7BB-3CFFDED361D5}.Release|Any CPU.ActiveCfg = Release|Any CPU
		{6B4F158F-B0AF-4489-B7BB-3CFFDED361D5}.Release|Any CPU.Build.0 = Release|Any CPU
		{57DF98CE-6CFA-466C-B5BB-FBC02C82356E}.Debug|Any CPU.ActiveCfg = Debug|Any CPU
		{57DF98CE-6CFA-466C-B5BB-FBC02C82356E}.Debug|Any CPU.Build.0 = Debug|Any CPU
		{57DF98CE-6CFA-466C-B5BB-FBC02C82356E}.Release|Any CPU.ActiveCfg = Release|Any CPU
		{57DF98CE-6CFA-466C-B5BB-FBC02C82356E}.Release|Any CPU.Build.0 = Release|Any CPU
		{C446BE9F-F2CC-40B0-A83F-B4FD71F62519}.Debug|Any CPU.ActiveCfg = Debug|Any CPU
		{C446BE9F-F2CC-40B0-A83F-B4FD71F62519}.Debug|Any CPU.Build.0 = Debug|Any CPU
		{C446BE9F-F2CC-40B0-A83F-B4FD71F62519}.Release|Any CPU.ActiveCfg = Release|Any CPU
		{C446BE9F-F2CC-40B0-A83F-B4FD71F62519}.Release|Any CPU.Build.0 = Release|Any CPU
		{3062E324-988C-47D6-B02A-F9AEDFDA117E}.Debug|Any CPU.ActiveCfg = Debug|Any CPU
		{3062E324-988C-47D6-B02A-F9AEDFDA117E}.Debug|Any CPU.Build.0 = Debug|Any CPU
		{3062E324-988C-47D6-B02A-F9AEDFDA117E}.Release|Any CPU.ActiveCfg = Release|Any CPU
		{3062E324-988C-47D6-B02A-F9AEDFDA117E}.Release|Any CPU.Build.0 = Release|Any CPU
		{3180FA5E-B185-4523-9BCF-C0556C769FC9}.Debug|Any CPU.ActiveCfg = Debug|Any CPU
		{3180FA5E-B185-4523-9BCF-C0556C769FC9}.Debug|Any CPU.Build.0 = Debug|Any CPU
		{3180FA5E-B185-4523-9BCF-C0556C769FC9}.Release|Any CPU.ActiveCfg = Release|Any CPU
		{3180FA5E-B185-4523-9BCF-C0556C769FC9}.Release|Any CPU.Build.0 = Release|Any CPU
		{FF887CAC-B746-4E6F-9996-5788FEA05A85}.Debug|Any CPU.ActiveCfg = Debug|Any CPU
		{FF887CAC-B746-4E6F-9996-5788FEA05A85}.Debug|Any CPU.Build.0 = Debug|Any CPU
		{FF887CAC-B746-4E6F-9996-5788FEA05A85}.Release|Any CPU.ActiveCfg = Release|Any CPU
		{FF887CAC-B746-4E6F-9996-5788FEA05A85}.Release|Any CPU.Build.0 = Release|Any CPU
		{AE4222D1-BAA4-48B0-8D4F-68B366EDA87F}.Debug|Any CPU.ActiveCfg = Debug|Any CPU
		{AE4222D1-BAA4-48B0-8D4F-68B366EDA87F}.Debug|Any CPU.Build.0 = Debug|Any CPU
		{AE4222D1-BAA4-48B0-8D4F-68B366EDA87F}.Release|Any CPU.ActiveCfg = Release|Any CPU
		{AE4222D1-BAA4-48B0-8D4F-68B366EDA87F}.Release|Any CPU.Build.0 = Release|Any CPU
		{2D8D84D7-50F2-47B8-9974-27BE6C531AC5}.Debug|Any CPU.ActiveCfg = Debug|Any CPU
		{2D8D84D7-50F2-47B8-9974-27BE6C531AC5}.Debug|Any CPU.Build.0 = Debug|Any CPU
		{2D8D84D7-50F2-47B8-9974-27BE6C531AC5}.Release|Any CPU.ActiveCfg = Release|Any CPU
		{2D8D84D7-50F2-47B8-9974-27BE6C531AC5}.Release|Any CPU.Build.0 = Release|Any CPU
		{3BE32D1F-4F58-4E20-B57F-1ECB73408524}.Debug|Any CPU.ActiveCfg = Debug|Any CPU
		{3BE32D1F-4F58-4E20-B57F-1ECB73408524}.Debug|Any CPU.Build.0 = Debug|Any CPU
		{3BE32D1F-4F58-4E20-B57F-1ECB73408524}.Release|Any CPU.ActiveCfg = Release|Any CPU
		{3BE32D1F-4F58-4E20-B57F-1ECB73408524}.Release|Any CPU.Build.0 = Release|Any CPU
		{687B2BAF-A98F-4978-BC55-73BB4971EA0E}.Debug|Any CPU.ActiveCfg = Debug|Any CPU
		{687B2BAF-A98F-4978-BC55-73BB4971EA0E}.Debug|Any CPU.Build.0 = Debug|Any CPU
		{687B2BAF-A98F-4978-BC55-73BB4971EA0E}.Release|Any CPU.ActiveCfg = Release|Any CPU
		{687B2BAF-A98F-4978-BC55-73BB4971EA0E}.Release|Any CPU.Build.0 = Release|Any CPU
		{A542F0CD-172F-46E8-A7E9-BCD13C78832A}.Debug|Any CPU.ActiveCfg = Debug|Any CPU
		{A542F0CD-172F-46E8-A7E9-BCD13C78832A}.Debug|Any CPU.Build.0 = Debug|Any CPU
		{A542F0CD-172F-46E8-A7E9-BCD13C78832A}.Release|Any CPU.ActiveCfg = Release|Any CPU
		{A542F0CD-172F-46E8-A7E9-BCD13C78832A}.Release|Any CPU.Build.0 = Release|Any CPU
		{00CCD286-0D51-4240-A9E6-A39044D280E4}.Debug|Any CPU.ActiveCfg = Debug|Any CPU
		{00CCD286-0D51-4240-A9E6-A39044D280E4}.Debug|Any CPU.Build.0 = Debug|Any CPU
		{00CCD286-0D51-4240-A9E6-A39044D280E4}.Release|Any CPU.ActiveCfg = Release|Any CPU
		{00CCD286-0D51-4240-A9E6-A39044D280E4}.Release|Any CPU.Build.0 = Release|Any CPU
		{5B6E7ABB-A78F-4C71-B80D-DD8212C01EFD}.Debug|Any CPU.ActiveCfg = Debug|Any CPU
		{5B6E7ABB-A78F-4C71-B80D-DD8212C01EFD}.Debug|Any CPU.Build.0 = Debug|Any CPU
		{5B6E7ABB-A78F-4C71-B80D-DD8212C01EFD}.Release|Any CPU.ActiveCfg = Release|Any CPU
		{5B6E7ABB-A78F-4C71-B80D-DD8212C01EFD}.Release|Any CPU.Build.0 = Release|Any CPU
		{B6A7E0E2-B4E4-4642-9FC9-654BED70C921}.Debug|Any CPU.ActiveCfg = Debug|Any CPU
		{B6A7E0E2-B4E4-4642-9FC9-654BED70C921}.Debug|Any CPU.Build.0 = Debug|Any CPU
		{B6A7E0E2-B4E4-4642-9FC9-654BED70C921}.Release|Any CPU.ActiveCfg = Release|Any CPU
		{B6A7E0E2-B4E4-4642-9FC9-654BED70C921}.Release|Any CPU.Build.0 = Release|Any CPU
		{3CE50EF0-0A43-4806-8B5E-5A243D5B3CF8}.Debug|Any CPU.ActiveCfg = Debug|Any CPU
		{3CE50EF0-0A43-4806-8B5E-5A243D5B3CF8}.Debug|Any CPU.Build.0 = Debug|Any CPU
		{3CE50EF0-0A43-4806-8B5E-5A243D5B3CF8}.Release|Any CPU.ActiveCfg = Release|Any CPU
		{3CE50EF0-0A43-4806-8B5E-5A243D5B3CF8}.Release|Any CPU.Build.0 = Release|Any CPU
		{49695413-C7BB-44C9-B976-049121C06419}.Debug|Any CPU.ActiveCfg = Debug|Any CPU
		{49695413-C7BB-44C9-B976-049121C06419}.Debug|Any CPU.Build.0 = Debug|Any CPU
		{49695413-C7BB-44C9-B976-049121C06419}.Release|Any CPU.ActiveCfg = Release|Any CPU
		{49695413-C7BB-44C9-B976-049121C06419}.Release|Any CPU.Build.0 = Release|Any CPU
		{C0F29A32-2DB6-4521-A3DC-8CCAC2E68319}.Debug|Any CPU.ActiveCfg = Debug|Any CPU
		{C0F29A32-2DB6-4521-A3DC-8CCAC2E68319}.Debug|Any CPU.Build.0 = Debug|Any CPU
		{C0F29A32-2DB6-4521-A3DC-8CCAC2E68319}.Release|Any CPU.ActiveCfg = Release|Any CPU
		{C0F29A32-2DB6-4521-A3DC-8CCAC2E68319}.Release|Any CPU.Build.0 = Release|Any CPU
	EndGlobalSection
	GlobalSection(SolutionProperties) = preSolution
		HideSolutionNode = FALSE
	EndGlobalSection
	GlobalSection(NestedProjects) = preSolution
		{CCAC0F58-CACF-4BC1-B0B9-0AD3C3370BAE} = {EAB73F9A-F44E-47F3-8EE7-793F7A5694DA}
		{46CEB112-26CB-4564-9684-757D8F3139A6} = {3B13CA6B-7848-45E3-A293-B3DFAF872F8A}
		{334CE100-5CEA-43D2-9695-4555124D7898} = {EC7F539A-FCF9-4037-AEF3-FBDF463E9D50}
		{F66DF89D-C1D1-44EA-AABF-3AA3AA75DE29} = {EAB73F9A-F44E-47F3-8EE7-793F7A5694DA}
		{2D886954-786C-4D78-8EE7-5922B793FFBF} = {3B13CA6B-7848-45E3-A293-B3DFAF872F8A}
		{A69A4DBA-AE2A-4645-9757-D7E39A85AACB} = {EC7F539A-FCF9-4037-AEF3-FBDF463E9D50}
		{725BA39E-4941-42DF-91B9-23D0BBB44FEC} = {58C60832-FDA9-43B9-A361-771E6FB7C3EB}
		{5C995C1F-A4C7-4C1D-8ABC-0FF0E2AAABA1} = {B82E0EDA-643D-4EFE-A894-8A7910C973A9}
		{7042AF7C-9229-4E1D-94DA-9264383DE8BE} = {695BD243-A87C-4D08-ABFA-CF7F24E1B105}
		{8B4B1CDD-2E38-4076-B15B-A710D5A44DE2} = {B82E0EDA-643D-4EFE-A894-8A7910C973A9}
		{DF4137D6-C2F9-4EEF-A254-E40BFFA3A876} = {695BD243-A87C-4D08-ABFA-CF7F24E1B105}
		{4A43F111-6452-4F47-8F75-5DA03A65CD39} = {58C60832-FDA9-43B9-A361-771E6FB7C3EB}
		{FA9776C3-528D-433A-8CBB-F8E1EA61E983} = {58C60832-FDA9-43B9-A361-771E6FB7C3EB}
		{6B4F158F-B0AF-4489-B7BB-3CFFDED361D5} = {7A8C0850-C7E6-4BB6-AB5C-38E5E9994CB1}
		{57DF98CE-6CFA-466C-B5BB-FBC02C82356E} = {7A8C0850-C7E6-4BB6-AB5C-38E5E9994CB1}
		{C446BE9F-F2CC-40B0-A83F-B4FD71F62519} = {7A8C0850-C7E6-4BB6-AB5C-38E5E9994CB1}
		{3062E324-988C-47D6-B02A-F9AEDFDA117E} = {7A8C0850-C7E6-4BB6-AB5C-38E5E9994CB1}
		{3180FA5E-B185-4523-9BCF-C0556C769FC9} = {FB83A033-5097-463C-8039-BCD2061FE238}
		{FF887CAC-B746-4E6F-9996-5788FEA05A85} = {7A8C0850-C7E6-4BB6-AB5C-38E5E9994CB1}
		{AE4222D1-BAA4-48B0-8D4F-68B366EDA87F} = {FB83A033-5097-463C-8039-BCD2061FE238}
		{2D8D84D7-50F2-47B8-9974-27BE6C531AC5} = {DD43AFA7-1412-4BFD-A6C9-87262B32760D}
		{3BE32D1F-4F58-4E20-B57F-1ECB73408524} = {DD43AFA7-1412-4BFD-A6C9-87262B32760D}
		{687B2BAF-A98F-4978-BC55-73BB4971EA0E} = {F0C2818F-DC16-4883-8439-FE500966D6DC}
		{A542F0CD-172F-46E8-A7E9-BCD13C78832A} = {F0C2818F-DC16-4883-8439-FE500966D6DC}
		{00CCD286-0D51-4240-A9E6-A39044D280E4} = {B1B0F0F8-7706-4B04-A6F1-5D439025B4A8}
		{5B6E7ABB-A78F-4C71-B80D-DD8212C01EFD} = {B1B0F0F8-7706-4B04-A6F1-5D439025B4A8}
		{B6A7E0E2-B4E4-4642-9FC9-654BED70C921} = {FB239E64-3D20-4180-A2FF-5419211CAA1D}
		{3CE50EF0-0A43-4806-8B5E-5A243D5B3CF8} = {63BEEFCE-95F0-4C85-B9A4-6337E8A8F992}
		{49695413-C7BB-44C9-B976-049121C06419} = {FB239E64-3D20-4180-A2FF-5419211CAA1D}
		{C0F29A32-2DB6-4521-A3DC-8CCAC2E68319} = {63BEEFCE-95F0-4C85-B9A4-6337E8A8F992}
	EndGlobalSection
	GlobalSection(ExtensibilityGlobals) = postSolution
		SolutionGuid = {40A0BE0D-B803-419B-9712-5EB4C873FE20}
	EndGlobalSection
EndGlobal
